// !$*UTF8*$!
{
	archiveVersion = 1;
	classes = {
	};
	objectVersion = 46;
	objects = {

/* Begin PBXBuildFile section */
		1EF1BB8A1AB726DF0035819A /* AppDelegate.swift in Sources */ = {isa = PBXBuildFile; fileRef = 1EF1BB891AB726DF0035819A /* AppDelegate.swift */; };
		1EF1BB8C1AB726DF0035819A /* ViewController.swift in Sources */ = {isa = PBXBuildFile; fileRef = 1EF1BB8B1AB726DF0035819A /* ViewController.swift */; };
		1EF1BB8F1AB726DF0035819A /* Main.storyboard in Resources */ = {isa = PBXBuildFile; fileRef = 1EF1BB8D1AB726DF0035819A /* Main.storyboard */; };
		1EF1BB911AB726DF0035819A /* Images.xcassets in Resources */ = {isa = PBXBuildFile; fileRef = 1EF1BB901AB726DF0035819A /* Images.xcassets */; };
		1EF1BB941AB726DF0035819A /* LaunchScreen.xib in Resources */ = {isa = PBXBuildFile; fileRef = 1EF1BB921AB726DF0035819A /* LaunchScreen.xib */; };
		1EF1BBA01AB726DF0035819A /* TextPickerTestTests.swift in Sources */ = {isa = PBXBuildFile; fileRef = 1EF1BB9F1AB726DF0035819A /* TextPickerTestTests.swift */; };
/* End PBXBuildFile section */

/* Begin PBXContainerItemProxy section */
		1EF1BB9A1AB726DF0035819A /* PBXContainerItemProxy */ = {
			isa = PBXContainerItemProxy;
			containerPortal = 1EF1BB7C1AB726DF0035819A /* Project object */;
			proxyType = 1;
			remoteGlobalIDString = 1EF1BB831AB726DF0035819A;
			remoteInfo = TextPickerTest;
		};
/* End PBXContainerItemProxy section */

/* Begin PBXFileReference section */
		1EF1BB841AB726DF0035819A /* TextPickerTest.app */ = {isa = PBXFileReference; explicitFileType = wrapper.application; includeInIndex = 0; path = TextPickerTest.app; sourceTree = BUILT_PRODUCTS_DIR; };
		1EF1BB881AB726DF0035819A /* Info.plist */ = {isa = PBXFileReference; lastKnownFileType = text.plist.xml; path = Info.plist; sourceTree = "<group>"; };
		1EF1BB891AB726DF0035819A /* AppDelegate.swift */ = {isa = PBXFileReference; lastKnownFileType = sourcecode.swift; path = AppDelegate.swift; sourceTree = "<group>"; };
		1EF1BB8B1AB726DF0035819A /* ViewController.swift */ = {isa = PBXFileReference; lastKnownFileType = sourcecode.swift; path = ViewController.swift; sourceTree = "<group>"; };
		1EF1BB8E1AB726DF0035819A /* Base */ = {isa = PBXFileReference; lastKnownFileType = file.storyboard; name = Base; path = Base.lproj/Main.storyboard; sourceTree = "<group>"; };
		1EF1BB901AB726DF0035819A /* Images.xcassets */ = {isa = PBXFileReference; lastKnownFileType = folder.assetcatalog; path = Images.xcassets; sourceTree = "<group>"; };
		1EF1BB931AB726DF0035819A /* Base */ = {isa = PBXFileReference; lastKnownFileType = file.xib; name = Base; path = Base.lproj/LaunchScreen.xib; sourceTree = "<group>"; };
		1EF1BB991AB726DF0035819A /* TextPickerTestTests.xctest */ = {isa = PBXFileReference; explicitFileType = wrapper.cfbundle; includeInIndex = 0; path = TextPickerTestTests.xctest; sourceTree = BUILT_PRODUCTS_DIR; };
		1EF1BB9E1AB726DF0035819A /* Info.plist */ = {isa = PBXFileReference; lastKnownFileType = text.plist.xml; path = Info.plist; sourceTree = "<group>"; };
		1EF1BB9F1AB726DF0035819A /* TextPickerTestTests.swift */ = {isa = PBXFileReference; lastKnownFileType = sourcecode.swift; path = TextPickerTestTests.swift; sourceTree = "<group>"; };
/* End PBXFileReference section */

/* Begin PBXFrameworksBuildPhase section */
		1EF1BB811AB726DF0035819A /* Frameworks */ = {
			isa = PBXFrameworksBuildPhase;
			buildActionMask = 2147483647;
			files = (
			);
			runOnlyForDeploymentPostprocessing = 0;
		};
		1EF1BB961AB726DF0035819A /* Frameworks */ = {
			isa = PBXFrameworksBuildPhase;
			buildActionMask = 2147483647;
			files = (
			);
			runOnlyForDeploymentPostprocessing = 0;
		};
/* End PBXFrameworksBuildPhase section */

/* Begin PBXGroup section */
		1EF1BB7B1AB726DF0035819A = {
			isa = PBXGroup;
			children = (
				1EF1BB861AB726DF0035819A /* TextPickerTest */,
				1EF1BB9C1AB726DF0035819A /* TextPickerTestTests */,
				1EF1BB851AB726DF0035819A /* Products */,
			);
			sourceTree = "<group>";
		};
		1EF1BB851AB726DF0035819A /* Products */ = {
			isa = PBXGroup;
			children = (
				1EF1BB841AB726DF0035819A /* TextPickerTest.app */,
				1EF1BB991AB726DF0035819A /* TextPickerTestTests.xctest */,
			);
			name = Products;
			sourceTree = "<group>";
		};
		1EF1BB861AB726DF0035819A /* TextPickerTest */ = {
			isa = PBXGroup;
			children = (
				1EF1BB891AB726DF0035819A /* AppDelegate.swift */,
				1EF1BB8B1AB726DF0035819A /* ViewController.swift */,
				1EF1BB8D1AB726DF0035819A /* Main.storyboard */,
				1EF1BB901AB726DF0035819A /* Images.xcassets */,
				1EF1BB921AB726DF0035819A /* LaunchScreen.xib */,
				1EF1BB871AB726DF0035819A /* Supporting Files */,
			);
			path = TextPickerTest;
			sourceTree = "<group>";
		};
		1EF1BB871AB726DF0035819A /* Supporting Files */ = {
			isa = PBXGroup;
			children = (
				1EF1BB881AB726DF0035819A /* Info.plist */,
			);
			name = "Supporting Files";
			sourceTree = "<group>";
		};
		1EF1BB9C1AB726DF0035819A /* TextPickerTestTests */ = {
			isa = PBXGroup;
			children = (
				1EF1BB9F1AB726DF0035819A /* TextPickerTestTests.swift */,
				1EF1BB9D1AB726DF0035819A /* Supporting Files */,
			);
			path = TextPickerTestTests;
			sourceTree = "<group>";
		};
		1EF1BB9D1AB726DF0035819A /* Supporting Files */ = {
			isa = PBXGroup;
			children = (
				1EF1BB9E1AB726DF0035819A /* Info.plist */,
			);
			name = "Supporting Files";
			sourceTree = "<group>";
		};
/* End PBXGroup section */

/* Begin PBXNativeTarget section */
		1EF1BB831AB726DF0035819A /* TextPickerTest */ = {
			isa = PBXNativeTarget;
			buildConfigurationList = 1EF1BBA31AB726DF0035819A /* Build configuration list for PBXNativeTarget "TextPickerTest" */;
			buildPhases = (
				1EF1BB801AB726DF0035819A /* Sources */,
				1EF1BB811AB726DF0035819A /* Frameworks */,
				1EF1BB821AB726DF0035819A /* Resources */,
			);
			buildRules = (
			);
			dependencies = (
			);
			name = TextPickerTest;
			productName = TextPickerTest;
			productReference = 1EF1BB841AB726DF0035819A /* TextPickerTest.app */;
			productType = "com.apple.product-type.application";
		};
		1EF1BB981AB726DF0035819A /* TextPickerTestTests */ = {
			isa = PBXNativeTarget;
			buildConfigurationList = 1EF1BBA61AB726DF0035819A /* Build configuration list for PBXNativeTarget "TextPickerTestTests" */;
			buildPhases = (
				1EF1BB951AB726DF0035819A /* Sources */,
				1EF1BB961AB726DF0035819A /* Frameworks */,
				1EF1BB971AB726DF0035819A /* Resources */,
			);
			buildRules = (
			);
			dependencies = (
				1EF1BB9B1AB726DF0035819A /* PBXTargetDependency */,
			);
			name = TextPickerTestTests;
			productName = TextPickerTestTests;
			productReference = 1EF1BB991AB726DF0035819A /* TextPickerTestTests.xctest */;
			productType = "com.apple.product-type.bundle.unit-test";
		};
/* End PBXNativeTarget section */

/* Begin PBXProject section */
		1EF1BB7C1AB726DF0035819A /* Project object */ = {
			isa = PBXProject;
			attributes = {
				LastUpgradeCheck = 0620;
				ORGANIZATIONNAME = Example;
				TargetAttributes = {
					1EF1BB831AB726DF0035819A = {
						CreatedOnToolsVersion = 6.2;
					};
					1EF1BB981AB726DF0035819A = {
						CreatedOnToolsVersion = 6.2;
						TestTargetID = 1EF1BB831AB726DF0035819A;
					};
				};
			};
			buildConfigurationList = 1EF1BB7F1AB726DF0035819A /* Build configuration list for PBXProject "TextPickerTest" */;
			compatibilityVersion = "Xcode 3.2";
			developmentRegion = English;
			hasScannedForEncodings = 0;
			knownRegions = (
				en,
				Base,
			);
			mainGroup = 1EF1BB7B1AB726DF0035819A;
			productRefGroup = 1EF1BB851AB726DF0035819A /* Products */;
			projectDirPath = "";
			projectRoot = "";
			targets = (
				1EF1BB831AB726DF0035819A /* TextPickerTest */,
				1EF1BB981AB726DF0035819A /* TextPickerTestTests */,
			);
		};
/* End PBXProject section */

/* Begin PBXResourcesBuildPhase section */
		1EF1BB821AB726DF0035819A /* Resources */ = {
			isa = PBXResourcesBuildPhase;
			buildActionMask = 2147483647;
			files = (
				1EF1BB8F1AB726DF0035819A /* Main.storyboard in Resources */,
				1EF1BB941AB726DF0035819A /* LaunchScreen.xib in Resources */,
				1EF1BB911AB726DF0035819A /* Images.xcassets in Resources */,
			);
			runOnlyForDeploymentPostprocessing = 0;
		};
		1EF1BB971AB726DF0035819A /* Resources */ = {
			isa = PBXResourcesBuildPhase;
			buildActionMask = 2147483647;
			files = (
			);
			runOnlyForDeploymentPostprocessing = 0;
		};
/* End PBXResourcesBuildPhase section */

/* Begin PBXSourcesBuildPhase section */
		1EF1BB801AB726DF0035819A /* Sources */ = {
			isa = PBXSourcesBuildPhase;
			buildActionMask = 2147483647;
			files = (
				1EF1BB8C1AB726DF0035819A /* ViewController.swift in Sources */,
				1EF1BB8A1AB726DF0035819A /* AppDelegate.swift in Sources */,
			);
			runOnlyForDeploymentPostprocessing = 0;
		};
		1EF1BB951AB726DF0035819A /* Sources */ = {
			isa = PBXSourcesBuildPhase;
			buildActionMask = 2147483647;
			files = (
				1EF1BBA01AB726DF0035819A /* TextPickerTestTests.swift in Sources */,
			);
			runOnlyForDeploymentPostprocessing = 0;
		};
/* End PBXSourcesBuildPhase section */

/* Begin PBXTargetDependency section */
		1EF1BB9B1AB726DF0035819A /* PBXTargetDependency */ = {
			isa = PBXTargetDependency;
			target = 1EF1BB831AB726DF0035819A /* TextPickerTest */;
			targetProxy = 1EF1BB9A1AB726DF0035819A /* PBXContainerItemProxy */;
		};
/* End PBXTargetDependency section */

/* Begin PBXVariantGroup section */
		1EF1BB8D1AB726DF0035819A /* Main.storyboard */ = {
			isa = PBXVariantGroup;
			children = (
				1EF1BB8E1AB726DF0035819A /* Base */,
			);
			name = Main.storyboard;
			sourceTree = "<group>";
		};
		1EF1BB921AB726DF0035819A /* LaunchScreen.xib */ = {
			isa = PBXVariantGroup;
			children = (
				1EF1BB931AB726DF0035819A /* Base */,
			);
			name = LaunchScreen.xib;
			sourceTree = "<group>";
		};
/* End PBXVariantGroup section */

/* Begin XCBuildConfiguration section */
		1EF1BBA11AB726DF0035819A /* Debug */ = {
			isa = XCBuildConfiguration;
			buildSettings = {
				ALWAYS_SEARCH_USER_PATHS = NO;
				CLANG_CXX_LANGUAGE_STANDARD = "gnu++0x";
				CLANG_CXX_LIBRARY = "libc++";
				CLANG_ENABLE_MODULES = YES;
				CLANG_ENABLE_OBJC_ARC = YES;
				CLANG_WARN_BOOL_CONVERSION = YES;
				CLANG_WARN_CONSTANT_CONVERSION = YES;
				CLANG_WARN_DIRECT_OBJC_ISA_USAGE = YES_ERROR;
				CLANG_WARN_EMPTY_BODY = YES;
				CLANG_WARN_ENUM_CONVERSION = YES;
				CLANG_WARN_INT_CONVERSION = YES;
				CLANG_WARN_OBJC_ROOT_CLASS = YES_ERROR;
				CLANG_WARN_UNREACHABLE_CODE = YES;
				CLANG_WARN__DUPLICATE_METHOD_MATCH = YES;
				"CODE_SIGN_IDENTITY[sdk=iphoneos*]" = "iPhone Developer";
				COPY_PHASE_STRIP = NO;
				ENABLE_STRICT_OBJC_MSGSEND = YES;
				GCC_C_LANGUAGE_STANDARD = gnu99;
				GCC_DYNAMIC_NO_PIC = NO;
				GCC_OPTIMIZATION_LEVEL = 0;
				GCC_PREPROCESSOR_DEFINITIONS = (
					"DEBUG=1",
					"$(inherited)",
				);
				GCC_SYMBOLS_PRIVATE_EXTERN = NO;
				GCC_WARN_64_TO_32_BIT_CONVERSION = YES;
				GCC_WARN_ABOUT_RETURN_TYPE = YES_ERROR;
				GCC_WARN_UNDECLARED_SELECTOR = YES;
				GCC_WARN_UNINITIALIZED_AUTOS = YES_AGGRESSIVE;
				GCC_WARN_UNUSED_FUNCTION = YES;
				GCC_WARN_UNUSED_VARIABLE = YES;
				IPHONEOS_DEPLOYMENT_TARGET = 8.2;
				MTL_ENABLE_DEBUG_INFO = YES;
				ONLY_ACTIVE_ARCH = YES;
				SDKROOT = iphoneos;
				SWIFT_OPTIMIZATION_LEVEL = "-Onone";
				TARGETED_DEVICE_FAMILY = "1,2";
			};
			name = Debug;
		};
		1EF1BBA21AB726DF0035819A /* Release */ = {
			isa = XCBuildConfiguration;
			buildSettings = {
				ALWAYS_SEARCH_USER_PATHS = NO;
				CLANG_CXX_LANGUAGE_STANDARD = "gnu++0x";
				CLANG_CXX_LIBRARY = "libc++";
				CLANG_ENABLE_MODULES = YES;
				CLANG_ENABLE_OBJC_ARC = YES;
				CLANG_WARN_BOOL_CONVERSION = YES;
				CLANG_WARN_CONSTANT_CONVERSION = YES;
				CLANG_WARN_DIRECT_OBJC_ISA_USAGE = YES_ERROR;
				CLANG_WARN_EMPTY_BODY = YES;
				CLANG_WARN_ENUM_CONVERSION = YES;
				CLANG_WARN_INT_CONVERSION = YES;
				CLANG_WARN_OBJC_ROOT_CLASS = YES_ERROR;
				CLANG_WARN_UNREACHABLE_CODE = YES;
				CLANG_WARN__DUPLICATE_METHOD_MATCH = YES;
				"CODE_SIGN_IDENTITY[sdk=iphoneos*]" = "iPhone Developer";
				COPY_PHASE_STRIP = NO;
				ENABLE_NS_ASSERTIONS = NO;
				ENABLE_STRICT_OBJC_MSGSEND = YES;
				GCC_C_LANGUAGE_STANDARD = gnu99;
				GCC_WARN_64_TO_32_BIT_CONVERSION = YES;
				GCC_WARN_ABOUT_RETURN_TYPE = YES_ERROR;
				GCC_WARN_UNDECLARED_SELECTOR = YES;
				GCC_WARN_UNINITIALIZED_AUTOS = YES_AGGRESSIVE;
				GCC_WARN_UNUSED_FUNCTION = YES;
				GCC_WARN_UNUSED_VARIABLE = YES;
				IPHONEOS_DEPLOYMENT_TARGET = 8.2;
				MTL_ENABLE_DEBUG_INFO = NO;
				SDKROOT = iphoneos;
				TARGETED_DEVICE_FAMILY = "1,2";
				VALIDATE_PRODUCT = YES;
			};
			name = Release;
		};
		1EF1BBA41AB726DF0035819A /* Debug */ = {
			isa = XCBuildConfiguration;
			buildSettings = {
				ASSETCATALOG_COMPILER_APPICON_NAME = AppIcon;
				INFOPLIST_FILE = TextPickerTest/Info.plist;
				LD_RUNPATH_SEARCH_PATHS = "$(inherited) @executable_path/Frameworks";
				PRODUCT_NAME = "$(TARGET_NAME)";
			};
			name = Debug;
		};
		1EF1BBA51AB726DF0035819A /* Release */ = {
			isa = XCBuildConfiguration;
			buildSettings = {
				ASSETCATALOG_COMPILER_APPICON_NAME = AppIcon;
				INFOPLIST_FILE = TextPickerTest/Info.plist;
				LD_RUNPATH_SEARCH_PATHS = "$(inherited) @executable_path/Frameworks";
				PRODUCT_NAME = "$(TARGET_NAME)";
			};
			name = Release;
		};
		1EF1BBA71AB726DF0035819A /* Debug */ = {
			isa = XCBuildConfiguration;
			buildSettings = {
				BUNDLE_LOADER = "$(TEST_HOST)";
				FRAMEWORK_SEARCH_PATHS = (
					"$(SDKROOT)/Developer/Library/Frameworks",
					"$(inherited)",
				);
				GCC_PREPROCESSOR_DEFINITIONS = (
					"DEBUG=1",
					"$(inherited)",
				);
				INFOPLIST_FILE = TextPickerTestTests/Info.plist;
				LD_RUNPATH_SEARCH_PATHS = "$(inherited) @executable_path/Frameworks @loader_path/Frameworks";
				PRODUCT_NAME = "$(TARGET_NAME)";
				TEST_HOST = "$(BUILT_PRODUCTS_DIR)/TextPickerTest.app/TextPickerTest";
			};
			name = Debug;
		};
		1EF1BBA81AB726DF0035819A /* Release */ = {
			isa = XCBuildConfiguration;
			buildSettings = {
				BUNDLE_LOADER = "$(TEST_HOST)";
				FRAMEWORK_SEARCH_PATHS = (
					"$(SDKROOT)/Developer/Library/Frameworks",
					"$(inherited)",
				);
				INFOPLIST_FILE = TextPickerTestTests/Info.plist;
				LD_RUNPATH_SEARCH_PATHS = "$(inherited) @executable_path/Frameworks @loader_path/Frameworks";
				PRODUCT_NAME = "$(TARGET_NAME)";
				TEST_HOST = "$(BUILT_PRODUCTS_DIR)/TextPickerTest.app/TextPickerTest";
			};
			name = Release;
		};
/* End XCBuildConfiguration section */

/* Begin XCConfigurationList section */
		1EF1BB7F1AB726DF0035819A /* Build configuration list for PBXProject "TextPickerTest" */ = {
			isa = XCConfigurationList;
			buildConfigurations = (
				1EF1BBA11AB726DF0035819A /* Debug */,
				1EF1BBA21AB726DF0035819A /* Release */,
			);
			defaultConfigurationIsVisible = 0;
			defaultConfigurationName = Release;
		};
		1EF1BBA31AB726DF0035819A /* Build configuration list for PBXNativeTarget "TextPickerTest" */ = {
			isa = XCConfigurationList;
			buildConfigurations = (
				1EF1BBA41AB726DF0035819A /* Debug */,
				1EF1BBA51AB726DF0035819A /* Release */,
			);
			defaultConfigurationIsVisible = 0;
		};
		1EF1BBA61AB726DF0035819A /* Build configuration list for PBXNativeTarget "TextPickerTestTests" */ = {
			isa = XCConfigurationList;
			buildConfigurations = (
				1EF1BBA71AB726DF0035819A /* Debug */,
				1EF1BBA81AB726DF0035819A /* Release */,
			);
			defaultConfigurationIsVisible = 0;
		};
/* End XCConfigurationList section */
	};
	rootObject = 1EF1BB7C1AB726DF0035819A /* Project object */;
}
